// {
//   "name": "LoftHouse - html",
//   "lockfileVersion": 3,
//   "requires": true,
//   "packages": {}
// }

{
  "name": "LoftHouse-html",
  "version": "1.0.0",
  "description": "",
  "main": "index.js", 
  "scripts": {
    "start": "node your-script.js" 
  },
  "keywords": [],
  "author": "",
  "license": "ISC",
  "dependencies": {
  }
}
